// !$*UTF8*$!
{
	archiveVersion = 1;
	classes = {
	};
	objectVersion = 55;
	objects = {

/* Begin PBXBuildFile section */
		CE976E7E28A29E9A005C8984 /* TaskManager_CoreData_SwiftUIApp.swift in Sources */ = {isa = PBXBuildFile; fileRef = CE976E7D28A29E9A005C8984 /* TaskManager_CoreData_SwiftUIApp.swift */; };
		CE976E8028A29E9A005C8984 /* ContentView.swift in Sources */ = {isa = PBXBuildFile; fileRef = CE976E7F28A29E9A005C8984 /* ContentView.swift */; };
		CE976E8228A29EA0005C8984 /* Assets.xcassets in Resources */ = {isa = PBXBuildFile; fileRef = CE976E8128A29EA0005C8984 /* Assets.xcassets */; };
		CE976E8528A29EA0005C8984 /* Preview Assets.xcassets in Resources */ = {isa = PBXBuildFile; fileRef = CE976E8428A29EA0005C8984 /* Preview Assets.xcassets */; };
		CE976E8728A29EA0005C8984 /* Persistence.swift in Sources */ = {isa = PBXBuildFile; fileRef = CE976E8628A29EA0005C8984 /* Persistence.swift */; };
		CE976E8A28A29EA0005C8984 /* TaskManager_CoreData_SwiftUI.xcdatamodeld in Sources */ = {isa = PBXBuildFile; fileRef = CE976E8828A29EA0005C8984 /* TaskManager_CoreData_SwiftUI.xcdatamodeld */; };
		CECA2F0828A2AB1F004F94EF /* Home.swift in Sources */ = {isa = PBXBuildFile; fileRef = CECA2F0728A2AB1F004F94EF /* Home.swift */; };
		CECA2F0E28A2AB5D004F94EF /* TaskViewModel.swift in Sources */ = {isa = PBXBuildFile; fileRef = CECA2F0D28A2AB5D004F94EF /* TaskViewModel.swift */; };
		CECA2F1028A2B0C8004F94EF /* DynamicFilteredView.swift in Sources */ = {isa = PBXBuildFile; fileRef = CECA2F0F28A2B0C8004F94EF /* DynamicFilteredView.swift */; };
		CECA2F1428A2B901004F94EF /* NewTask.swift in Sources */ = {isa = PBXBuildFile; fileRef = CECA2F1328A2B901004F94EF /* NewTask.swift */; };
/* End PBXBuildFile section */

/* Begin PBXFileReference section */
		CE976E7A28A29E9A005C8984 /* TaskManager_CoreData_SwiftUI.app */ = {isa = PBXFileReference; explicitFileType = wrapper.application; includeInIndex = 0; path = TaskManager_CoreData_SwiftUI.app; sourceTree = BUILT_PRODUCTS_DIR; };
		CE976E7D28A29E9A005C8984 /* TaskManager_CoreData_SwiftUIApp.swift */ = {isa = PBXFileReference; lastKnownFileType = sourcecode.swift; path = TaskManager_CoreData_SwiftUIApp.swift; sourceTree = "<group>"; };
		CE976E7F28A29E9A005C8984 /* ContentView.swift */ = {isa = PBXFileReference; lastKnownFileType = sourcecode.swift; path = ContentView.swift; sourceTree = "<group>"; };
		CE976E8128A29EA0005C8984 /* Assets.xcassets */ = {isa = PBXFileReference; lastKnownFileType = folder.assetcatalog; path = Assets.xcassets; sourceTree = "<group>"; };
		CE976E8428A29EA0005C8984 /* Preview Assets.xcassets */ = {isa = PBXFileReference; lastKnownFileType = folder.assetcatalog; path = "Preview Assets.xcassets"; sourceTree = "<group>"; };
		CE976E8628A29EA0005C8984 /* Persistence.swift */ = {isa = PBXFileReference; lastKnownFileType = sourcecode.swift; path = Persistence.swift; sourceTree = "<group>"; };
		CE976E8928A29EA0005C8984 /* TaskManager_CoreData_SwiftUI.xcdatamodel */ = {isa = PBXFileReference; lastKnownFileType = wrapper.xcdatamodel; path = TaskManager_CoreData_SwiftUI.xcdatamodel; sourceTree = "<group>"; };
		CECA2F0728A2AB1F004F94EF /* Home.swift */ = {isa = PBXFileReference; fileEncoding = 4; lastKnownFileType = sourcecode.swift; path = Home.swift; sourceTree = "<group>"; };
		CECA2F0D28A2AB5D004F94EF /* TaskViewModel.swift */ = {isa = PBXFileReference; fileEncoding = 4; lastKnownFileType = sourcecode.swift; path = TaskViewModel.swift; sourceTree = "<group>"; };
		CECA2F0F28A2B0C8004F94EF /* DynamicFilteredView.swift */ = {isa = PBXFileReference; lastKnownFileType = sourcecode.swift; path = DynamicFilteredView.swift; sourceTree = "<group>"; };
		CECA2F1328A2B901004F94EF /* NewTask.swift */ = {isa = PBXFileReference; lastKnownFileType = sourcecode.swift; path = NewTask.swift; sourceTree = "<group>"; };
/* End PBXFileReference section */

/* Begin PBXFrameworksBuildPhase section */
		CE976E7728A29E9A005C8984 /* Frameworks */ = {
			isa = PBXFrameworksBuildPhase;
			buildActionMask = 2147483647;
			files = (
			);
			runOnlyForDeploymentPostprocessing = 0;
		};
/* End PBXFrameworksBuildPhase section */

/* Begin PBXGroup section */
		CE976E7128A29E9A005C8984 = {
			isa = PBXGroup;
			children = (
				CE976E7C28A29E9A005C8984 /* TaskManager_CoreData_SwiftUI */,
				CE976E7B28A29E9A005C8984 /* Products */,
			);
			sourceTree = "<group>";
		};
		CE976E7B28A29E9A005C8984 /* Products */ = {
			isa = PBXGroup;
			children = (
				CE976E7A28A29E9A005C8984 /* TaskManager_CoreData_SwiftUI.app */,
			);
			name = Products;
			sourceTree = "<group>";
		};
		CE976E7C28A29E9A005C8984 /* TaskManager_CoreData_SwiftUI */ = {
			isa = PBXGroup;
			children = (
				CECA2F0C28A2AB55004F94EF /* ViewModel */,
				CECA2F0628A2AB13004F94EF /* View */,
				CE976E7D28A29E9A005C8984 /* TaskManager_CoreData_SwiftUIApp.swift */,
				CE976E7F28A29E9A005C8984 /* ContentView.swift */,
				CE976E8628A29EA0005C8984 /* Persistence.swift */,
				CE976E8128A29EA0005C8984 /* Assets.xcassets */,
				CE976E8828A29EA0005C8984 /* TaskManager_CoreData_SwiftUI.xcdatamodeld */,
				CE976E8328A29EA0005C8984 /* Preview Content */,
			);
			path = TaskManager_CoreData_SwiftUI;
			sourceTree = "<group>";
		};
		CE976E8328A29EA0005C8984 /* Preview Content */ = {
			isa = PBXGroup;
			children = (
				CE976E8428A29EA0005C8984 /* Preview Assets.xcassets */,
			);
			path = "Preview Content";
			sourceTree = "<group>";
		};
		CECA2F0628A2AB13004F94EF /* View */ = {
			isa = PBXGroup;
			children = (
				CECA2F0728A2AB1F004F94EF /* Home.swift */,
				CECA2F0F28A2B0C8004F94EF /* DynamicFilteredView.swift */,
				CECA2F1328A2B901004F94EF /* NewTask.swift */,
			);
			path = View;
			sourceTree = "<group>";
		};
		CECA2F0C28A2AB55004F94EF /* ViewModel */ = {
			isa = PBXGroup;
			children = (
				CECA2F0D28A2AB5D004F94EF /* TaskViewModel.swift */,
			);
			path = ViewModel;
			sourceTree = "<group>";
		};
/* End PBXGroup section */

/* Begin PBXNativeTarget section */
		CE976E7928A29E9A005C8984 /* TaskManager_CoreData_SwiftUI */ = {
			isa = PBXNativeTarget;
			buildConfigurationList = CE976E8D28A29EA0005C8984 /* Build configuration list for PBXNativeTarget "TaskManager_CoreData_SwiftUI" */;
			buildPhases = (
				CE976E7628A29E9A005C8984 /* Sources */,
				CE976E7728A29E9A005C8984 /* Frameworks */,
				CE976E7828A29E9A005C8984 /* Resources */,
			);
			buildRules = (
			);
			dependencies = (
			);
			name = TaskManager_CoreData_SwiftUI;
			productName = TaskManager_CoreData_SwiftUI;
			productReference = CE976E7A28A29E9A005C8984 /* TaskManager_CoreData_SwiftUI.app */;
			productType = "com.apple.product-type.application";
		};
/* End PBXNativeTarget section */

/* Begin PBXProject section */
		CE976E7228A29E9A005C8984 /* Project object */ = {
			isa = PBXProject;
			attributes = {
				BuildIndependentTargetsInParallel = 1;
				LastSwiftUpdateCheck = 1340;
				LastUpgradeCheck = 1340;
				TargetAttributes = {
					CE976E7928A29E9A005C8984 = {
						CreatedOnToolsVersion = 13.4.1;
					};
				};
			};
			buildConfigurationList = CE976E7528A29E9A005C8984 /* Build configuration list for PBXProject "TaskManager_CoreData_SwiftUI" */;
			compatibilityVersion = "Xcode 13.0";
			developmentRegion = en;
			hasScannedForEncodings = 0;
			knownRegions = (
				en,
				Base,
			);
			mainGroup = CE976E7128A29E9A005C8984;
			productRefGroup = CE976E7B28A29E9A005C8984 /* Products */;
			projectDirPath = "";
			projectRoot = "";
			targets = (
				CE976E7928A29E9A005C8984 /* TaskManager_CoreData_SwiftUI */,
			);
		};
/* End PBXProject section */

/* Begin PBXResourcesBuildPhase section */
		CE976E7828A29E9A005C8984 /* Resources */ = {
			isa = PBXResourcesBuildPhase;
			buildActionMask = 2147483647;
			files = (
				CE976E8528A29EA0005C8984 /* Preview Assets.xcassets in Resources */,
				CE976E8228A29EA0005C8984 /* Assets.xcassets in Resources */,
			);
			runOnlyForDeploymentPostprocessing = 0;
		};
/* End PBXResourcesBuildPhase section */

/* Begin PBXSourcesBuildPhase section */
		CE976E7628A29E9A005C8984 /* Sources */ = {
			isa = PBXSourcesBuildPhase;
			buildActionMask = 2147483647;
			files = (
				CE976E8728A29EA0005C8984 /* Persistence.swift in Sources */,
				CECA2F0E28A2AB5D004F94EF /* TaskViewModel.swift in Sources */,
				CE976E8028A29E9A005C8984 /* ContentView.swift in Sources */,
				CECA2F1028A2B0C8004F94EF /* DynamicFilteredView.swift in Sources */,
				CECA2F0828A2AB1F004F94EF /* Home.swift in Sources */,
				CECA2F1428A2B901004F94EF /* NewTask.swift in Sources */,
				CE976E7E28A29E9A005C8984 /* TaskManager_CoreData_SwiftUIApp.swift in Sources */,
				CE976E8A28A29EA0005C8984 /* TaskManager_CoreData_SwiftUI.xcdatamodeld in Sources */,
			);
			runOnlyForDeploymentPostprocessing = 0;
		};
/* End PBXSourcesBuildPhase section */

/* Begin XCBuildConfiguration section */
		CE976E8B28A29EA0005C8984 /* Debug */ = {
			isa = XCBuildConfiguration;
			buildSettings = {
				ALWAYS_SEARCH_USER_PATHS = NO;
				CLANG_ANALYZER_NONNULL = YES;
				CLANG_ANALYZER_NUMBER_OBJECT_CONVERSION = YES_AGGRESSIVE;
				CLANG_CXX_LANGUAGE_STANDARD = "gnu++17";
				CLANG_ENABLE_MODULES = YES;
				CLANG_ENABLE_OBJC_ARC = YES;
				CLANG_ENABLE_OBJC_WEAK = YES;
				CLANG_WARN_BLOCK_CAPTURE_AUTORELEASING = YES;
				CLANG_WARN_BOOL_CONVERSION = YES;
				CLANG_WARN_COMMA = YES;
				CLANG_WARN_CONSTANT_CONVERSION = YES;
				CLANG_WARN_DEPRECATED_OBJC_IMPLEMENTATIONS = YES;
				CLANG_WARN_DIRECT_OBJC_ISA_USAGE = YES_ERROR;
				CLANG_WARN_DOCUMENTATION_COMMENTS = YES;
				CLANG_WARN_EMPTY_BODY = YES;
				CLANG_WARN_ENUM_CONVERSION = YES;
				CLANG_WARN_INFINITE_RECURSION = YES;
				CLANG_WARN_INT_CONVERSION = YES;
				CLANG_WARN_NON_LITERAL_NULL_CONVERSION = YES;
				CLANG_WARN_OBJC_IMPLICIT_RETAIN_SELF = YES;
				CLANG_WARN_OBJC_LITERAL_CONVERSION = YES;
				CLANG_WARN_OBJC_ROOT_CLASS = YES_ERROR;
				CLANG_WARN_QUOTED_INCLUDE_IN_FRAMEWORK_HEADER = YES;
				CLANG_WARN_RANGE_LOOP_ANALYSIS = YES;
				CLANG_WARN_STRICT_PROTOTYPES = YES;
				CLANG_WARN_SUSPICIOUS_MOVE = YES;
				CLANG_WARN_UNGUARDED_AVAILABILITY = YES_AGGRESSIVE;
				CLANG_WARN_UNREACHABLE_CODE = YES;
				CLANG_WARN__DUPLICATE_METHOD_MATCH = YES;
				COPY_PHASE_STRIP = NO;
				DEBUG_INFORMATION_FORMAT = dwarf;
				ENABLE_STRICT_OBJC_MSGSEND = YES;
				ENABLE_TESTABILITY = YES;
				GCC_C_LANGUAGE_STANDARD = gnu11;
				GCC_DYNAMIC_NO_PIC = NO;
				GCC_NO_COMMON_BLOCKS = YES;
				GCC_OPTIMIZATION_LEVEL = 0;
				GCC_PREPROCESSOR_DEFINITIONS = (
					"DEBUG=1",
					"$(inherited)",
				);
				GCC_WARN_64_TO_32_BIT_CONVERSION = YES;
				GCC_WARN_ABOUT_RETURN_TYPE = YES_ERROR;
				GCC_WARN_UNDECLARED_SELECTOR = YES;
				GCC_WARN_UNINITIALIZED_AUTOS = YES_AGGRESSIVE;
				GCC_WARN_UNUSED_FUNCTION = YES;
				GCC_WARN_UNUSED_VARIABLE = YES;
				IPHONEOS_DEPLOYMENT_TARGET = 15.5;
				MTL_ENABLE_DEBUG_INFO = INCLUDE_SOURCE;
				MTL_FAST_MATH = YES;
				ONLY_ACTIVE_ARCH = YES;
				SDKROOT = iphoneos;
				SWIFT_ACTIVE_COMPILATION_CONDITIONS = DEBUG;
				SWIFT_OPTIMIZATION_LEVEL = "-Onone";
			};
			name = Debug;
		};
		CE976E8C28A29EA0005C8984 /* Release */ = {
			isa = XCBuildConfiguration;
			buildSettings = {
				ALWAYS_SEARCH_USER_PATHS = NO;
				CLANG_ANALYZER_NONNULL = YES;
				CLANG_ANALYZER_NUMBER_OBJECT_CONVERSION = YES_AGGRESSIVE;
				CLANG_CXX_LANGUAGE_STANDARD = "gnu++17";
				CLANG_ENABLE_MODULES = YES;
				CLANG_ENABLE_OBJC_ARC = YES;
				CLANG_ENABLE_OBJC_WEAK = YES;
				CLANG_WARN_BLOCK_CAPTURE_AUTORELEASING = YES;
				CLANG_WARN_BOOL_CONVERSION = YES;
				CLANG_WARN_COMMA = YES;
				CLANG_WARN_CONSTANT_CONVERSION = YES;
				CLANG_WARN_DEPRECATED_OBJC_IMPLEMENTATIONS = YES;
				CLANG_WARN_DIRECT_OBJC_ISA_USAGE = YES_ERROR;
				CLANG_WARN_DOCUMENTATION_COMMENTS = YES;
				CLANG_WARN_EMPTY_BODY = YES;
				CLANG_WARN_ENUM_CONVERSION = YES;
				CLANG_WARN_INFINITE_RECURSION = YES;
				CLANG_WARN_INT_CONVERSION = YES;
				CLANG_WARN_NON_LITERAL_NULL_CONVERSION = YES;
				CLANG_WARN_OBJC_IMPLICIT_RETAIN_SELF = YES;
				CLANG_WARN_OBJC_LITERAL_CONVERSION = YES;
				CLANG_WARN_OBJC_ROOT_CLASS = YES_ERROR;
				CLANG_WARN_QUOTED_INCLUDE_IN_FRAMEWORK_HEADER = YES;
				CLANG_WARN_RANGE_LOOP_ANALYSIS = YES;
				CLANG_WARN_STRICT_PROTOTYPES = YES;
				CLANG_WARN_SUSPICIOUS_MOVE = YES;
				CLANG_WARN_UNGUARDED_AVAILABILITY = YES_AGGRESSIVE;
				CLANG_WARN_UNREACHABLE_CODE = YES;
				CLANG_WARN__DUPLICATE_METHOD_MATCH = YES;
				COPY_PHASE_STRIP = NO;
				DEBUG_INFORMATION_FORMAT = "dwarf-with-dsym";
				ENABLE_NS_ASSERTIONS = NO;
				ENABLE_STRICT_OBJC_MSGSEND = YES;
				GCC_C_LANGUAGE_STANDARD = gnu11;
				GCC_NO_COMMON_BLOCKS = YES;
				GCC_WARN_64_TO_32_BIT_CONVERSION = YES;
				GCC_WARN_ABOUT_RETURN_TYPE = YES_ERROR;
				GCC_WARN_UNDECLARED_SELECTOR = YES;
				GCC_WARN_UNINITIALIZED_AUTOS = YES_AGGRESSIVE;
				GCC_WARN_UNUSED_FUNCTION = YES;
				GCC_WARN_UNUSED_VARIABLE = YES;
				IPHONEOS_DEPLOYMENT_TARGET = 15.5;
				MTL_ENABLE_DEBUG_INFO = NO;
				MTL_FAST_MATH = YES;
				SDKROOT = iphoneos;
				SWIFT_COMPILATION_MODE = wholemodule;
				SWIFT_OPTIMIZATION_LEVEL = "-O";
				VALIDATE_PRODUCT = YES;
			};
			name = Release;
		};
		CE976E8E28A29EA0005C8984 /* Debug */ = {
			isa = XCBuildConfiguration;
			buildSettings = {
				ASSETCATALOG_COMPILER_APPICON_NAME = AppIcon;
				ASSETCATALOG_COMPILER_GLOBAL_ACCENT_COLOR_NAME = AccentColor;
				CODE_SIGN_STYLE = Automatic;
				CURRENT_PROJECT_VERSION = 1;
				DEVELOPMENT_ASSET_PATHS = "\"TaskManager_CoreData_SwiftUI/Preview Content\"";
				DEVELOPMENT_TEAM = 2U56DP6BMP;
				ENABLE_PREVIEWS = YES;
				GENERATE_INFOPLIST_FILE = YES;
				INFOPLIST_KEY_UIApplicationSceneManifest_Generation = YES;
				INFOPLIST_KEY_UIApplicationSupportsIndirectInputEvents = YES;
				INFOPLIST_KEY_UILaunchScreen_Generation = YES;
				INFOPLIST_KEY_UISupportedInterfaceOrientations_iPad = "UIInterfaceOrientationPortrait UIInterfaceOrientationPortraitUpsideDown UIInterfaceOrientationLandscapeLeft UIInterfaceOrientationLandscapeRight";
				INFOPLIST_KEY_UISupportedInterfaceOrientations_iPhone = "UIInterfaceOrientationPortrait UIInterfaceOrientationLandscapeLeft UIInterfaceOrientationLandscapeRight";
				LD_RUNPATH_SEARCH_PATHS = (
					"$(inherited)",
					"@executable_path/Frameworks",
				);
				MARKETING_VERSION = 1.0;
				PRODUCT_BUNDLE_IDENTIFIER = "com.andrealmeida.TaskManager-CoreData-SwiftUI";
				PRODUCT_NAME = "$(TARGET_NAME)";
				SWIFT_EMIT_LOC_STRINGS = YES;
				SWIFT_VERSION = 5.0;
				TARGETED_DEVICE_FAMILY = "1,2";
			};
			name = Debug;
		};
		CE976E8F28A29EA0005C8984 /* Release */ = {
			isa = XCBuildConfiguration;
			buildSettings = {
				ASSETCATALOG_COMPILER_APPICON_NAME = AppIcon;
				ASSETCATALOG_COMPILER_GLOBAL_ACCENT_COLOR_NAME = AccentColor;
				CODE_SIGN_STYLE = Automatic;
				CURRENT_PROJECT_VERSION = 1;
				DEVELOPMENT_ASSET_PATHS = "\"TaskManager_CoreData_SwiftUI/Preview Content\"";
				DEVELOPMENT_TEAM = 2U56DP6BMP;
				ENABLE_PREVIEWS = YES;
				GENERATE_INFOPLIST_FILE = YES;
				INFOPLIST_KEY_UIApplicationSceneManifest_Generation = YES;
				INFOPLIST_KEY_UIApplicationSupportsIndirectInputEvents = YES;
				INFOPLIST_KEY_UILaunchScreen_Generation = YES;
				INFOPLIST_KEY_UISupportedInterfaceOrientations_iPad = "UIInterfaceOrientationPortrait UIInterfaceOrientationPortraitUpsideDown UIInterfaceOrientationLandscapeLeft UIInterfaceOrientationLandscapeRight";
				INFOPLIST_KEY_UISupportedInterfaceOrientations_iPhone = "UIInterfaceOrientationPortrait UIInterfaceOrientationLandscapeLeft UIInterfaceOrientationLandscapeRight";
				LD_RUNPATH_SEARCH_PATHS = (
					"$(inherited)",
					"@executable_path/Frameworks",
				);
				MARKETING_VERSION = 1.0;
				PRODUCT_BUNDLE_IDENTIFIER = "com.andrealmeida.TaskManager-CoreData-SwiftUI";
				PRODUCT_NAME = "$(TARGET_NAME)";
				SWIFT_EMIT_LOC_STRINGS = YES;
				SWIFT_VERSION = 5.0;
				TARGETED_DEVICE_FAMILY = "1,2";
			};
			name = Release;
		};
/* End XCBuildConfiguration section */

/* Begin XCConfigurationList section */
		CE976E7528A29E9A005C8984 /* Build configuration list for PBXProject "TaskManager_CoreData_SwiftUI" */ = {
			isa = XCConfigurationList;
			buildConfigurations = (
				CE976E8B28A29EA0005C8984 /* Debug */,
				CE976E8C28A29EA0005C8984 /* Release */,
			);
			defaultConfigurationIsVisible = 0;
			defaultConfigurationName = Release;
		};
		CE976E8D28A29EA0005C8984 /* Build configuration list for PBXNativeTarget "TaskManager_CoreData_SwiftUI" */ = {
			isa = XCConfigurationList;
			buildConfigurations = (
				CE976E8E28A29EA0005C8984 /* Debug */,
				CE976E8F28A29EA0005C8984 /* Release */,
			);
			defaultConfigurationIsVisible = 0;
			defaultConfigurationName = Release;
		};
/* End XCConfigurationList section */

/* Begin XCVersionGroup section */
		CE976E8828A29EA0005C8984 /* TaskManager_CoreData_SwiftUI.xcdatamodeld */ = {
			isa = XCVersionGroup;
			children = (
				CE976E8928A29EA0005C8984 /* TaskManager_CoreData_SwiftUI.xcdatamodel */,
			);
			currentVersion = CE976E8928A29EA0005C8984 /* TaskManager_CoreData_SwiftUI.xcdatamodel */;
			path = TaskManager_CoreData_SwiftUI.xcdatamodeld;
			sourceTree = "<group>";
			versionGroupType = wrapper.xcdatamodel;
		};
/* End XCVersionGroup section */
	};
	rootObject = CE976E7228A29E9A005C8984 /* Project object */;
}
